
Microsoft Visual Studio Solution File, Format Version 12.00
# Visual Studio Version 17
VisualStudioVersion = 17.7.34202.233
MinimumVisualStudioVersion = 10.0.40219.1
Project("{FAE04EC0-301F-11D3-BF4B-00C04F79EFBC}") = "MovieReviewsAPI", "MovieReviewsAPI.csproj", "{C80A3B3E-1522-4662-B89A-0A5A0A723BF8}"
EndProject
Global
	GlobalSection(SolutionConfigurationPlatforms) = preSolution
		Debug|Any CPU = Debug|Any CPU
		Release|Any CPU = Release|Any CPU
	EndGlobalSection
	GlobalSection(ProjectConfigurationPlatforms) = postSolution
		{C80A3B3E-1522-4662-B89A-0A5A0A723BF8}.Debug|Any CPU.ActiveCfg = Debug|Any CPU
		{C80A3B3E-1522-4662-B89A-0A5A0A723BF8}.Debug|Any CPU.Build.0 = Debug|Any CPU
		{C80A3B3E-1522-4662-B89A-0A5A0A723BF8}.Release|Any CPU.ActiveCfg = Release|Any CPU
		{C80A3B3E-1522-4662-B89A-0A5A0A723BF8}.Release|Any CPU.Build.0 = Release|Any CPU
	EndGlobalSection
	GlobalSection(SolutionProperties) = preSolution
		HideSolutionNode = FALSE
	EndGlobalSection
	GlobalSection(ExtensibilityGlobals) = postSolution
		SolutionGuid = {4621D8B7-A1F2-4DEA-9111-3446C43C06CD}
	EndGlobalSection
EndGlobal
